{
  "pins" : [
    {
      "identity" : "cassowary",
      "kind" : "remoteSourceControl",
      "location" : "https://github.com/compnerd/cassowary.git",
      "state" : {
        "revision" : "a438611231901f9f350da27857d786f7979d578b",
        "version" : "0.0.1"
      }
    },
    {
      "identity" : "swift-tagged",
      "kind" : "remoteSourceControl",
      "location" : "https://github.com/pointfreeco/swift-tagged.git",
      "state" : {
        "revision" : "33f44ceb793b12d6af5019cbe26f8b0e66e6389f",
        "version" : "0.8.0"
      }
    }
  ],
  "version" : 2
}
